// !$*UTF8*$!
{
	archiveVersion = 1;
	classes = {
	};
	objectVersion = 46;
	objects = {

/* Begin PBXBuildFile section */
		44CE45B218E31A8700EC361F /* Foundation.framework in Frameworks */ = {isa = PBXBuildFile; fileRef = 44CE45B118E31A8700EC361F /* Foundation.framework */; };
		44CE45B418E31A8700EC361F /* CoreGraphics.framework in Frameworks */ = {isa = PBXBuildFile; fileRef = 44CE45B318E31A8700EC361F /* CoreGraphics.framework */; };
		44CE45B618E31A8700EC361F /* UIKit.framework in Frameworks */ = {isa = PBXBuildFile; fileRef = 44CE45B518E31A8700EC361F /* UIKit.framework */; };
		44CE45BC18E31A8700EC361F /* InfoPlist.strings in Resources */ = {isa = PBXBuildFile; fileRef = 44CE45BA18E31A8700EC361F /* InfoPlist.strings */; };
		44CE45BE18E31A8700EC361F /* main.m in Sources */ = {isa = PBXBuildFile; fileRef = 44CE45BD18E31A8700EC361F /* main.m */; };
		44CE45C218E31A8700EC361F /* AppDelegate.m in Sources */ = {isa = PBXBuildFile; fileRef = 44CE45C118E31A8700EC361F /* AppDelegate.m */; };
		44CE45C818E31A8700EC361F /* ViewController.m in Sources */ = {isa = PBXBuildFile; fileRef = 44CE45C718E31A8700EC361F /* ViewController.m */; };
		44CE45CA18E31A8700EC361F /* Images.xcassets in Resources */ = {isa = PBXBuildFile; fileRef = 44CE45C918E31A8700EC361F /* Images.xcassets */; };
		44CE45D118E31A8700EC361F /* XCTest.framework in Frameworks */ = {isa = PBXBuildFile; fileRef = 44CE45D018E31A8700EC361F /* XCTest.framework */; };
		44CE45D218E31A8700EC361F /* Foundation.framework in Frameworks */ = {isa = PBXBuildFile; fileRef = 44CE45B118E31A8700EC361F /* Foundation.framework */; };
		44CE45D318E31A8700EC361F /* UIKit.framework in Frameworks */ = {isa = PBXBuildFile; fileRef = 44CE45B518E31A8700EC361F /* UIKit.framework */; };
		44CE45DB18E31A8700EC361F /* InfoPlist.strings in Resources */ = {isa = PBXBuildFile; fileRef = 44CE45D918E31A8700EC361F /* InfoPlist.strings */; };
		44CE45DD18E31A8700EC361F /* NSOperationQueueTests.m in Sources */ = {isa = PBXBuildFile; fileRef = 44CE45DC18E31A8700EC361F /* NSOperationQueueTests.m */; };
		44CE45E818E31B0200EC361F /* ImagesTableViewController.m in Sources */ = {isa = PBXBuildFile; fileRef = 44CE45E718E31B0200EC361F /* ImagesTableViewController.m */; };
		44CE45EB18E31BFF00EC361F /* FISPugCell.m in Sources */ = {isa = PBXBuildFile; fileRef = 44CE45EA18E31BFF00EC361F /* FISPugCell.m */; };
		44CE45ED18E322CD00EC361F /* Main.storyboard in Resources */ = {isa = PBXBuildFile; fileRef = 44CE45EC18E322CD00EC361F /* Main.storyboard */; };
		44CE45EF18E3234300EC361F /* placeholder.png in Resources */ = {isa = PBXBuildFile; fileRef = 44CE45EE18E3234300EC361F /* placeholder.png */; };
		E4078DED37B04113B527059E /* libPods.a in Frameworks */ = {isa = PBXBuildFile; fileRef = 4EE8A730898D416D984638EA /* libPods.a */; };
/* End PBXBuildFile section */

/* Begin PBXContainerItemProxy section */
		44CE45D418E31A8700EC361F /* PBXContainerItemProxy */ = {
			isa = PBXContainerItemProxy;
			containerPortal = 44CE45A618E31A8700EC361F /* Project object */;
			proxyType = 1;
			remoteGlobalIDString = 44CE45AD18E31A8700EC361F;
			remoteInfo = NSOperationQueue;
		};
/* End PBXContainerItemProxy section */

/* Begin PBXFileReference section */
		44CE45AE18E31A8700EC361F /* NSOperationQueue.app */ = {isa = PBXFileReference; explicitFileType = wrapper.application; includeInIndex = 0; path = NSOperationQueue.app; sourceTree = BUILT_PRODUCTS_DIR; };
		44CE45B118E31A8700EC361F /* Foundation.framework */ = {isa = PBXFileReference; lastKnownFileType = wrapper.framework; name = Foundation.framework; path = System/Library/Frameworks/Foundation.framework; sourceTree = SDKROOT; };
		44CE45B318E31A8700EC361F /* CoreGraphics.framework */ = {isa = PBXFileReference; lastKnownFileType = wrapper.framework; name = CoreGraphics.framework; path = System/Library/Frameworks/CoreGraphics.framework; sourceTree = SDKROOT; };
		44CE45B518E31A8700EC361F /* UIKit.framework */ = {isa = PBXFileReference; lastKnownFileType = wrapper.framework; name = UIKit.framework; path = System/Library/Frameworks/UIKit.framework; sourceTree = SDKROOT; };
		44CE45B918E31A8700EC361F /* NSOperationQueue-Info.plist */ = {isa = PBXFileReference; lastKnownFileType = text.plist.xml; path = "NSOperationQueue-Info.plist"; sourceTree = "<group>"; };
		44CE45BB18E31A8700EC361F /* en */ = {isa = PBXFileReference; lastKnownFileType = text.plist.strings; name = en; path = en.lproj/InfoPlist.strings; sourceTree = "<group>"; };
		44CE45BD18E31A8700EC361F /* main.m */ = {isa = PBXFileReference; lastKnownFileType = sourcecode.c.objc; path = main.m; sourceTree = "<group>"; };
		44CE45BF18E31A8700EC361F /* NSOperationQueue-Prefix.pch */ = {isa = PBXFileReference; lastKnownFileType = sourcecode.c.h; path = "NSOperationQueue-Prefix.pch"; sourceTree = "<group>"; };
		44CE45C018E31A8700EC361F /* AppDelegate.h */ = {isa = PBXFileReference; lastKnownFileType = sourcecode.c.h; path = AppDelegate.h; sourceTree = "<group>"; };
		44CE45C118E31A8700EC361F /* AppDelegate.m */ = {isa = PBXFileReference; lastKnownFileType = sourcecode.c.objc; path = AppDelegate.m; sourceTree = "<group>"; };
		44CE45C618E31A8700EC361F /* ViewController.h */ = {isa = PBXFileReference; lastKnownFileType = sourcecode.c.h; path = ViewController.h; sourceTree = "<group>"; };
		44CE45C718E31A8700EC361F /* ViewController.m */ = {isa = PBXFileReference; lastKnownFileType = sourcecode.c.objc; path = ViewController.m; sourceTree = "<group>"; };
		44CE45C918E31A8700EC361F /* Images.xcassets */ = {isa = PBXFileReference; lastKnownFileType = folder.assetcatalog; path = Images.xcassets; sourceTree = "<group>"; };
		44CE45CF18E31A8700EC361F /* NSOperationQueueTests.xctest */ = {isa = PBXFileReference; explicitFileType = wrapper.cfbundle; includeInIndex = 0; path = NSOperationQueueTests.xctest; sourceTree = BUILT_PRODUCTS_DIR; };
		44CE45D018E31A8700EC361F /* XCTest.framework */ = {isa = PBXFileReference; lastKnownFileType = wrapper.framework; name = XCTest.framework; path = Library/Frameworks/XCTest.framework; sourceTree = DEVELOPER_DIR; };
		44CE45D818E31A8700EC361F /* NSOperationQueueTests-Info.plist */ = {isa = PBXFileReference; lastKnownFileType = text.plist.xml; path = "NSOperationQueueTests-Info.plist"; sourceTree = "<group>"; };
		44CE45DA18E31A8700EC361F /* en */ = {isa = PBXFileReference; lastKnownFileType = text.plist.strings; name = en; path = en.lproj/InfoPlist.strings; sourceTree = "<group>"; };
		44CE45DC18E31A8700EC361F /* NSOperationQueueTests.m */ = {isa = PBXFileReference; lastKnownFileType = sourcecode.c.objc; path = NSOperationQueueTests.m; sourceTree = "<group>"; };
		44CE45E618E31B0200EC361F /* ImagesTableViewController.h */ = {isa = PBXFileReference; fileEncoding = 4; lastKnownFileType = sourcecode.c.h; path = ImagesTableViewController.h; sourceTree = "<group>"; };
		44CE45E718E31B0200EC361F /* ImagesTableViewController.m */ = {isa = PBXFileReference; fileEncoding = 4; lastKnownFileType = sourcecode.c.objc; path = ImagesTableViewController.m; sourceTree = "<group>"; };
		44CE45E918E31BFF00EC361F /* FISPugCell.h */ = {isa = PBXFileReference; fileEncoding = 4; lastKnownFileType = sourcecode.c.h; path = FISPugCell.h; sourceTree = "<group>"; };
		44CE45EA18E31BFF00EC361F /* FISPugCell.m */ = {isa = PBXFileReference; fileEncoding = 4; lastKnownFileType = sourcecode.c.objc; path = FISPugCell.m; sourceTree = "<group>"; };
		44CE45EC18E322CD00EC361F /* Main.storyboard */ = {isa = PBXFileReference; fileEncoding = 4; lastKnownFileType = file.storyboard; path = Main.storyboard; sourceTree = "<group>"; };
		44CE45EE18E3234300EC361F /* placeholder.png */ = {isa = PBXFileReference; lastKnownFileType = image.png; path = placeholder.png; sourceTree = "<group>"; };
		4EE8A730898D416D984638EA /* libPods.a */ = {isa = PBXFileReference; explicitFileType = archive.ar; includeInIndex = 0; path = libPods.a; sourceTree = BUILT_PRODUCTS_DIR; };
		84DEC57833B44F7899DEDB41 /* Pods.xcconfig */ = {isa = PBXFileReference; includeInIndex = 1; lastKnownFileType = text.xcconfig; name = Pods.xcconfig; path = Pods/Pods.xcconfig; sourceTree = "<group>"; };
/* End PBXFileReference section */

/* Begin PBXFrameworksBuildPhase section */
		44CE45AB18E31A8700EC361F /* Frameworks */ = {
			isa = PBXFrameworksBuildPhase;
			buildActionMask = 2147483647;
			files = (
				44CE45B418E31A8700EC361F /* CoreGraphics.framework in Frameworks */,
				44CE45B618E31A8700EC361F /* UIKit.framework in Frameworks */,
				44CE45B218E31A8700EC361F /* Foundation.framework in Frameworks */,
				E4078DED37B04113B527059E /* libPods.a in Frameworks */,
			);
			runOnlyForDeploymentPostprocessing = 0;
		};
		44CE45CC18E31A8700EC361F /* Frameworks */ = {
			isa = PBXFrameworksBuildPhase;
			buildActionMask = 2147483647;
			files = (
				44CE45D118E31A8700EC361F /* XCTest.framework in Frameworks */,
				44CE45D318E31A8700EC361F /* UIKit.framework in Frameworks */,
				44CE45D218E31A8700EC361F /* Foundation.framework in Frameworks */,
			);
			runOnlyForDeploymentPostprocessing = 0;
		};
/* End PBXFrameworksBuildPhase section */

/* Begin PBXGroup section */
		44CE45A518E31A8700EC361F = {
			isa = PBXGroup;
			children = (
				44CE45B718E31A8700EC361F /* NSOperationQueue */,
				44CE45D618E31A8700EC361F /* NSOperationQueueTests */,
				44CE45B018E31A8700EC361F /* Frameworks */,
				44CE45AF18E31A8700EC361F /* Products */,
				84DEC57833B44F7899DEDB41 /* Pods.xcconfig */,
			);
			sourceTree = "<group>";
		};
		44CE45AF18E31A8700EC361F /* Products */ = {
			isa = PBXGroup;
			children = (
				44CE45AE18E31A8700EC361F /* NSOperationQueue.app */,
				44CE45CF18E31A8700EC361F /* NSOperationQueueTests.xctest */,
			);
			name = Products;
			sourceTree = "<group>";
		};
		44CE45B018E31A8700EC361F /* Frameworks */ = {
			isa = PBXGroup;
			children = (
				44CE45B118E31A8700EC361F /* Foundation.framework */,
				44CE45B318E31A8700EC361F /* CoreGraphics.framework */,
				44CE45B518E31A8700EC361F /* UIKit.framework */,
				44CE45D018E31A8700EC361F /* XCTest.framework */,
				4EE8A730898D416D984638EA /* libPods.a */,
			);
			name = Frameworks;
			sourceTree = "<group>";
		};
		44CE45B718E31A8700EC361F /* NSOperationQueue */ = {
			isa = PBXGroup;
			children = (
				44CE45C018E31A8700EC361F /* AppDelegate.h */,
				44CE45C118E31A8700EC361F /* AppDelegate.m */,
				44CE45EC18E322CD00EC361F /* Main.storyboard */,
				44CE45C618E31A8700EC361F /* ViewController.h */,
				44CE45C718E31A8700EC361F /* ViewController.m */,
				44CE45E918E31BFF00EC361F /* FISPugCell.h */,
				44CE45EA18E31BFF00EC361F /* FISPugCell.m */,
				44CE45EE18E3234300EC361F /* placeholder.png */,
				44CE45C918E31A8700EC361F /* Images.xcassets */,
				44CE45B818E31A8700EC361F /* Supporting Files */,
				44CE45E618E31B0200EC361F /* ImagesTableViewController.h */,
				44CE45E718E31B0200EC361F /* ImagesTableViewController.m */,
			);
			path = NSOperationQueue;
			sourceTree = "<group>";
		};
		44CE45B818E31A8700EC361F /* Supporting Files */ = {
			isa = PBXGroup;
			children = (
				44CE45B918E31A8700EC361F /* NSOperationQueue-Info.plist */,
				44CE45BA18E31A8700EC361F /* InfoPlist.strings */,
				44CE45BD18E31A8700EC361F /* main.m */,
				44CE45BF18E31A8700EC361F /* NSOperationQueue-Prefix.pch */,
			);
			name = "Supporting Files";
			sourceTree = "<group>";
		};
		44CE45D618E31A8700EC361F /* NSOperationQueueTests */ = {
			isa = PBXGroup;
			children = (
				44CE45DC18E31A8700EC361F /* NSOperationQueueTests.m */,
				44CE45D718E31A8700EC361F /* Supporting Files */,
			);
			path = NSOperationQueueTests;
			sourceTree = "<group>";
		};
		44CE45D718E31A8700EC361F /* Supporting Files */ = {
			isa = PBXGroup;
			children = (
				44CE45D818E31A8700EC361F /* NSOperationQueueTests-Info.plist */,
				44CE45D918E31A8700EC361F /* InfoPlist.strings */,
			);
			name = "Supporting Files";
			sourceTree = "<group>";
		};
/* End PBXGroup section */

/* Begin PBXNativeTarget section */
		44CE45AD18E31A8700EC361F /* NSOperationQueue */ = {
			isa = PBXNativeTarget;
			buildConfigurationList = 44CE45E018E31A8700EC361F /* Build configuration list for PBXNativeTarget "NSOperationQueue" */;
			buildPhases = (
				FF0475EE3E464A7C9987C566 /* Check Pods Manifest.lock */,
				44CE45AA18E31A8700EC361F /* Sources */,
				44CE45AB18E31A8700EC361F /* Frameworks */,
				44CE45AC18E31A8700EC361F /* Resources */,
				5DBC9C1DDD27419C8E7B301E /* Copy Pods Resources */,
			);
			buildRules = (
			);
			dependencies = (
			);
			name = NSOperationQueue;
			productName = NSOperationQueue;
			productReference = 44CE45AE18E31A8700EC361F /* NSOperationQueue.app */;
			productType = "com.apple.product-type.application";
		};
		44CE45CE18E31A8700EC361F /* NSOperationQueueTests */ = {
			isa = PBXNativeTarget;
			buildConfigurationList = 44CE45E318E31A8700EC361F /* Build configuration list for PBXNativeTarget "NSOperationQueueTests" */;
			buildPhases = (
				44CE45CB18E31A8700EC361F /* Sources */,
				44CE45CC18E31A8700EC361F /* Frameworks */,
				44CE45CD18E31A8700EC361F /* Resources */,
			);
			buildRules = (
			);
			dependencies = (
				44CE45D518E31A8700EC361F /* PBXTargetDependency */,
			);
			name = NSOperationQueueTests;
			productName = NSOperationQueueTests;
			productReference = 44CE45CF18E31A8700EC361F /* NSOperationQueueTests.xctest */;
			productType = "com.apple.product-type.bundle.unit-test";
		};
/* End PBXNativeTarget section */

/* Begin PBXProject section */
		44CE45A618E31A8700EC361F /* Project object */ = {
			isa = PBXProject;
			attributes = {
				LastUpgradeCheck = 0510;
				ORGANIZATIONNAME = "al-tyus.com";
				TargetAttributes = {
					44CE45CE18E31A8700EC361F = {
						TestTargetID = 44CE45AD18E31A8700EC361F;
					};
				};
			};
			buildConfigurationList = 44CE45A918E31A8700EC361F /* Build configuration list for PBXProject "NSOperationQueue" */;
			compatibilityVersion = "Xcode 3.2";
			developmentRegion = English;
			hasScannedForEncodings = 0;
			knownRegions = (
				en,
				Base,
			);
			mainGroup = 44CE45A518E31A8700EC361F;
			productRefGroup = 44CE45AF18E31A8700EC361F /* Products */;
			projectDirPath = "";
			projectRoot = "";
			targets = (
				44CE45AD18E31A8700EC361F /* NSOperationQueue */,
				44CE45CE18E31A8700EC361F /* NSOperationQueueTests */,
			);
		};
/* End PBXProject section */

/* Begin PBXResourcesBuildPhase section */
		44CE45AC18E31A8700EC361F /* Resources */ = {
			isa = PBXResourcesBuildPhase;
			buildActionMask = 2147483647;
			files = (
				44CE45ED18E322CD00EC361F /* Main.storyboard in Resources */,
				44CE45EF18E3234300EC361F /* placeholder.png in Resources */,
				44CE45CA18E31A8700EC361F /* Images.xcassets in Resources */,
				44CE45BC18E31A8700EC361F /* InfoPlist.strings in Resources */,
			);
			runOnlyForDeploymentPostprocessing = 0;
		};
		44CE45CD18E31A8700EC361F /* Resources */ = {
			isa = PBXResourcesBuildPhase;
			buildActionMask = 2147483647;
			files = (
				44CE45DB18E31A8700EC361F /* InfoPlist.strings in Resources */,
			);
			runOnlyForDeploymentPostprocessing = 0;
		};
/* End PBXResourcesBuildPhase section */

/* Begin PBXShellScriptBuildPhase section */
		5DBC9C1DDD27419C8E7B301E /* Copy Pods Resources */ = {
			isa = PBXShellScriptBuildPhase;
			buildActionMask = 2147483647;
			files = (
			);
			inputPaths = (
			);
			name = "Copy Pods Resources";
			outputPaths = (
			);
			runOnlyForDeploymentPostprocessing = 0;
			shellPath = /bin/sh;
			shellScript = "\"${SRCROOT}/Pods/Pods-resources.sh\"\n";
			showEnvVarsInLog = 0;
		};
		FF0475EE3E464A7C9987C566 /* Check Pods Manifest.lock */ = {
			isa = PBXShellScriptBuildPhase;
			buildActionMask = 2147483647;
			files = (
			);
			inputPaths = (
			);
			name = "Check Pods Manifest.lock";
			outputPaths = (
			);
			runOnlyForDeploymentPostprocessing = 0;
			shellPath = /bin/sh;
			shellScript = "diff \"${PODS_ROOT}/../Podfile.lock\" \"${PODS_ROOT}/Manifest.lock\" > /dev/null\nif [[ $? != 0 ]] ; then\n    cat << EOM\nerror: The sandbox is not in sync with the Podfile.lock. Run 'pod install' or update your CocoaPods installation.\nEOM\n    exit 1\nfi\n";
			showEnvVarsInLog = 0;
		};
/* End PBXShellScriptBuildPhase section */

/* Begin PBXSourcesBuildPhase section */
		44CE45AA18E31A8700EC361F /* Sources */ = {
			isa = PBXSourcesBuildPhase;
			buildActionMask = 2147483647;
			files = (
				44CE45C818E31A8700EC361F /* ViewController.m in Sources */,
				44CE45C218E31A8700EC361F /* AppDelegate.m in Sources */,
				44CE45EB18E31BFF00EC361F /* FISPugCell.m in Sources */,
				44CE45BE18E31A8700EC361F /* main.m in Sources */,
				44CE45E818E31B0200EC361F /* ImagesTableViewController.m in Sources */,
			);
			runOnlyForDeploymentPostprocessing = 0;
		};
		44CE45CB18E31A8700EC361F /* Sources */ = {
			isa = PBXSourcesBuildPhase;
			buildActionMask = 2147483647;
			files = (
				44CE45DD18E31A8700EC361F /* NSOperationQueueTests.m in Sources */,
			);
			runOnlyForDeploymentPostprocessing = 0;
		};
/* End PBXSourcesBuildPhase section */

/* Begin PBXTargetDependency section */
		44CE45D518E31A8700EC361F /* PBXTargetDependency */ = {
			isa = PBXTargetDependency;
			target = 44CE45AD18E31A8700EC361F /* NSOperationQueue */;
			targetProxy = 44CE45D418E31A8700EC361F /* PBXContainerItemProxy */;
		};
/* End PBXTargetDependency section */

/* Begin PBXVariantGroup section */
		44CE45BA18E31A8700EC361F /* InfoPlist.strings */ = {
			isa = PBXVariantGroup;
			children = (
				44CE45BB18E31A8700EC361F /* en */,
			);
			name = InfoPlist.strings;
			sourceTree = "<group>";
		};
		44CE45D918E31A8700EC361F /* InfoPlist.strings */ = {
			isa = PBXVariantGroup;
			children = (
				44CE45DA18E31A8700EC361F /* en */,
			);
			name = InfoPlist.strings;
			sourceTree = "<group>";
		};
/* End PBXVariantGroup section */

/* Begin XCBuildConfiguration section */
		44CE45DE18E31A8700EC361F /* Debug */ = {
			isa = XCBuildConfiguration;
			buildSettings = {
				ALWAYS_SEARCH_USER_PATHS = NO;
				CLANG_CXX_LANGUAGE_STANDARD = "gnu++0x";
				CLANG_CXX_LIBRARY = "libc++";
				CLANG_ENABLE_MODULES = YES;
				CLANG_ENABLE_OBJC_ARC = YES;
				CLANG_WARN_BOOL_CONVERSION = YES;
				CLANG_WARN_CONSTANT_CONVERSION = YES;
				CLANG_WARN_DIRECT_OBJC_ISA_USAGE = YES_ERROR;
				CLANG_WARN_EMPTY_BODY = YES;
				CLANG_WARN_ENUM_CONVERSION = YES;
				CLANG_WARN_INT_CONVERSION = YES;
				CLANG_WARN_OBJC_ROOT_CLASS = YES_ERROR;
				CLANG_WARN__DUPLICATE_METHOD_MATCH = YES;
				"CODE_SIGN_IDENTITY[sdk=iphoneos*]" = "iPhone Developer";
				COPY_PHASE_STRIP = NO;
				GCC_C_LANGUAGE_STANDARD = gnu99;
				GCC_DYNAMIC_NO_PIC = NO;
				GCC_OPTIMIZATION_LEVEL = 0;
				GCC_PREPROCESSOR_DEFINITIONS = (
					"DEBUG=1",
					"$(inherited)",
				);
				GCC_SYMBOLS_PRIVATE_EXTERN = NO;
				GCC_WARN_64_TO_32_BIT_CONVERSION = YES;
				GCC_WARN_ABOUT_RETURN_TYPE = YES_ERROR;
				GCC_WARN_UNDECLARED_SELECTOR = YES;
				GCC_WARN_UNINITIALIZED_AUTOS = YES_AGGRESSIVE;
				GCC_WARN_UNUSED_FUNCTION = YES;
				GCC_WARN_UNUSED_VARIABLE = YES;
				IPHONEOS_DEPLOYMENT_TARGET = 7.1;
				ONLY_ACTIVE_ARCH = YES;
				SDKROOT = iphoneos;
			};
			name = Debug;
		};
		44CE45DF18E31A8700EC361F /* Release */ = {
			isa = XCBuildConfiguration;
			buildSettings = {
				ALWAYS_SEARCH_USER_PATHS = NO;
				CLANG_CXX_LANGUAGE_STANDARD = "gnu++0x";
				CLANG_CXX_LIBRARY = "libc++";
				CLANG_ENABLE_MODULES = YES;
				CLANG_ENABLE_OBJC_ARC = YES;
				CLANG_WARN_BOOL_CONVERSION = YES;
				CLANG_WARN_CONSTANT_CONVERSION = YES;
				CLANG_WARN_DIRECT_OBJC_ISA_USAGE = YES_ERROR;
				CLANG_WARN_EMPTY_BODY = YES;
				CLANG_WARN_ENUM_CONVERSION = YES;
				CLANG_WARN_INT_CONVERSION = YES;
				CLANG_WARN_OBJC_ROOT_CLASS = YES_ERROR;
				CLANG_WARN__DUPLICATE_METHOD_MATCH = YES;
				"CODE_SIGN_IDENTITY[sdk=iphoneos*]" = "iPhone Developer";
				COPY_PHASE_STRIP = YES;
				ENABLE_NS_ASSERTIONS = NO;
				GCC_C_LANGUAGE_STANDARD = gnu99;
				GCC_WARN_64_TO_32_BIT_CONVERSION = YES;
				GCC_WARN_ABOUT_RETURN_TYPE = YES_ERROR;
				GCC_WARN_UNDECLARED_SELECTOR = YES;
				GCC_WARN_UNINITIALIZED_AUTOS = YES_AGGRESSIVE;
				GCC_WARN_UNUSED_FUNCTION = YES;
				GCC_WARN_UNUSED_VARIABLE = YES;
				IPHONEOS_DEPLOYMENT_TARGET = 7.1;
				SDKROOT = iphoneos;
				VALIDATE_PRODUCT = YES;
			};
			name = Release;
		};
		44CE45E118E31A8700EC361F /* Debug */ = {
			isa = XCBuildConfiguration;
			baseConfigurationReference = 84DEC57833B44F7899DEDB41 /* Pods.xcconfig */;
			buildSettings = {
				ASSETCATALOG_COMPILER_APPICON_NAME = AppIcon;
				ASSETCATALOG_COMPILER_LAUNCHIMAGE_NAME = LaunchImage;
				GCC_PRECOMPILE_PREFIX_HEADER = YES;
				GCC_PREFIX_HEADER = "NSOperationQueue/NSOperationQueue-Prefix.pch";
				INFOPLIST_FILE = "NSOperationQueue/NSOperationQueue-Info.plist";
				PRODUCT_NAME = "$(TARGET_NAME)";
				WRAPPER_EXTENSION = app;
			};
			name = Debug;
		};
		44CE45E218E31A8700EC361F /* Release */ = {
			isa = XCBuildConfiguration;
			baseConfigurationReference = 84DEC57833B44F7899DEDB41 /* Pods.xcconfig */;
			buildSettings = {
				ASSETCATALOG_COMPILER_APPICON_NAME = AppIcon;
				ASSETCATALOG_COMPILER_LAUNCHIMAGE_NAME = LaunchImage;
				GCC_PRECOMPILE_PREFIX_HEADER = YES;
				GCC_PREFIX_HEADER = "NSOperationQueue/NSOperationQueue-Prefix.pch";
				INFOPLIST_FILE = "NSOperationQueue/NSOperationQueue-Info.plist";
				PRODUCT_NAME = "$(TARGET_NAME)";
				WRAPPER_EXTENSION = app;
			};
			name = Release;
		};
		44CE45E418E31A8700EC361F /* Debug */ = {
			isa = XCBuildConfiguration;
			buildSettings = {
				BUNDLE_LOADER = "$(BUILT_PRODUCTS_DIR)/NSOperationQueue.app/NSOperationQueue";
				FRAMEWORK_SEARCH_PATHS = (
					"$(SDKROOT)/Developer/Library/Frameworks",
					"$(inherited)",
					"$(DEVELOPER_FRAMEWORKS_DIR)",
				);
				GCC_PRECOMPILE_PREFIX_HEADER = YES;
				GCC_PREFIX_HEADER = "NSOperationQueue/NSOperationQueue-Prefix.pch";
				GCC_PREPROCESSOR_DEFINITIONS = (
					"DEBUG=1",
					"$(inherited)",
				);
				INFOPLIST_FILE = "NSOperationQueueTests/NSOperationQueueTests-Info.plist";
				PRODUCT_NAME = "$(TARGET_NAME)";
				TEST_HOST = "$(BUNDLE_LOADER)";
				WRAPPER_EXTENSION = xctest;
			};
			name = Debug;
		};
		44CE45E518E31A8700EC361F /* Release */ = {
			isa = XCBuildConfiguration;
			buildSettings = {
				BUNDLE_LOADER = "$(BUILT_PRODUCTS_DIR)/NSOperationQueue.app/NSOperationQueue";
				FRAMEWORK_SEARCH_PATHS = (
					"$(SDKROOT)/Developer/Library/Frameworks",
					"$(inherited)",
					"$(DEVELOPER_FRAMEWORKS_DIR)",
				);
				GCC_PRECOMPILE_PREFIX_HEADER = YES;
				GCC_PREFIX_HEADER = "NSOperationQueue/NSOperationQueue-Prefix.pch";
				INFOPLIST_FILE = "NSOperationQueueTests/NSOperationQueueTests-Info.plist";
				PRODUCT_NAME = "$(TARGET_NAME)";
				TEST_HOST = "$(BUNDLE_LOADER)";
				WRAPPER_EXTENSION = xctest;
			};
			name = Release;
		};
/* End XCBuildConfiguration section */

/* Begin XCConfigurationList section */
		44CE45A918E31A8700EC361F /* Build configuration list for PBXProject "NSOperationQueue" */ = {
			isa = XCConfigurationList;
			buildConfigurations = (
				44CE45DE18E31A8700EC361F /* Debug */,
				44CE45DF18E31A8700EC361F /* Release */,
			);
			defaultConfigurationIsVisible = 0;
			defaultConfigurationName = Release;
		};
		44CE45E018E31A8700EC361F /* Build configuration list for PBXNativeTarget "NSOperationQueue" */ = {
			isa = XCConfigurationList;
			buildConfigurations = (
				44CE45E118E31A8700EC361F /* Debug */,
				44CE45E218E31A8700EC361F /* Release */,
			);
			defaultConfigurationIsVisible = 0;
			defaultConfigurationName = Release;
		};
		44CE45E318E31A8700EC361F /* Build configuration list for PBXNativeTarget "NSOperationQueueTests" */ = {
			isa = XCConfigurationList;
			buildConfigurations = (
				44CE45E418E31A8700EC361F /* Debug */,
				44CE45E518E31A8700EC361F /* Release */,
			);
			defaultConfigurationIsVisible = 0;
			defaultConfigurationName = Release;
		};
/* End XCConfigurationList section */
	};
	rootObject = 44CE45A618E31A8700EC361F /* Project object */;
}
