<?xml version="1.0" encoding="UTF-8"?>
<!DOCTYPE plist PUBLIC "-//Apple//DTD PLIST 1.0//EN" "http://www.apple.com/DTDs/PropertyList-1.0.dtd">
<plist version="1.0">
<dict>
	<key>archiveVersion</key>
	<string>1</string>
	<key>classes</key>
	<dict/>
	<key>objectVersion</key>
	<string>46</string>
	<key>objects</key>
	<dict>
		<key>090FF9D53E8E4F7185DA089F</key>
		<dict>
			<key>includeInIndex</key>
			<string>1</string>
			<key>isa</key>
			<string>PBXFileReference</string>
			<key>lastKnownFileType</key>
			<string>text.xcconfig</string>
			<key>name</key>
			<string>Pods-Multi-Pug-BombTests.xcconfig</string>
			<key>path</key>
			<string>Pods/Pods-Multi-Pug-BombTests.xcconfig</string>
			<key>sourceTree</key>
			<string>&lt;group&gt;</string>
		</dict>
		<key>2C9176B786814424B247513B</key>
		<dict>
			<key>buildActionMask</key>
			<string>2147483647</string>
			<key>files</key>
			<array/>
			<key>inputPaths</key>
			<array/>
			<key>isa</key>
			<string>PBXShellScriptBuildPhase</string>
			<key>name</key>
			<string>Check Pods Manifest.lock</string>
			<key>outputPaths</key>
			<array/>
			<key>runOnlyForDeploymentPostprocessing</key>
			<string>0</string>
			<key>shellPath</key>
			<string>/bin/sh</string>
			<key>shellScript</key>
			<string>diff "${PODS_ROOT}/../Podfile.lock" "${PODS_ROOT}/Manifest.lock" &gt; /dev/null
if [[ $? != 0 ]] ; then
    cat &lt;&lt; EOM
error: The sandbox is not in sync with the Podfile.lock. Run 'pod install' or update your CocoaPods installation.
EOM
    exit 1
fi
</string>
			<key>showEnvVarsInLog</key>
			<string>0</string>
		</dict>
		<key>449A3A041900AB02002CECFE</key>
		<dict>
			<key>fileEncoding</key>
			<string>4</string>
			<key>isa</key>
			<string>PBXFileReference</string>
			<key>lastKnownFileType</key>
			<string>sourcecode.c.h</string>
			<key>path</key>
			<string>MyPugTableViewController.h</string>
			<key>sourceTree</key>
			<string>&lt;group&gt;</string>
		</dict>
		<key>449A3A051900AB02002CECFE</key>
		<dict>
			<key>fileEncoding</key>
			<string>4</string>
			<key>isa</key>
			<string>PBXFileReference</string>
			<key>lastKnownFileType</key>
			<string>sourcecode.c.objc</string>
			<key>path</key>
			<string>MyPugTableViewController.m</string>
			<key>sourceTree</key>
			<string>&lt;group&gt;</string>
		</dict>
		<key>449A3A061900AB02002CECFE</key>
		<dict>
			<key>fileRef</key>
			<string>449A3A051900AB02002CECFE</string>
			<key>isa</key>
			<string>PBXBuildFile</string>
		</dict>
		<key>449A3A071901688C002CECFE</key>
		<dict>
			<key>fileEncoding</key>
			<string>4</string>
			<key>isa</key>
			<string>PBXFileReference</string>
			<key>lastKnownFileType</key>
			<string>file.storyboard</string>
			<key>path</key>
			<string>Main.storyboard</string>
			<key>sourceTree</key>
			<string>&lt;group&gt;</string>
		</dict>
		<key>449A3A081901688C002CECFE</key>
		<dict>
			<key>fileRef</key>
			<string>449A3A071901688C002CECFE</string>
			<key>isa</key>
			<string>PBXBuildFile</string>
		</dict>
		<key>4CBE2799F50148AEA655ADCF</key>
		<dict>
			<key>fileRef</key>
			<string>82CE3173675445A1B7D179A2</string>
			<key>isa</key>
			<string>PBXBuildFile</string>
		</dict>
		<key>4D8A48EC92C542B9913145FA</key>
		<dict>
			<key>explicitFileType</key>
			<string>archive.ar</string>
			<key>includeInIndex</key>
			<string>0</string>
			<key>isa</key>
			<string>PBXFileReference</string>
			<key>path</key>
			<string>libPods.a</string>
			<key>sourceTree</key>
			<string>BUILT_PRODUCTS_DIR</string>
		</dict>
		<key>76761B120AF74628B2BF541F</key>
		<dict>
			<key>buildActionMask</key>
			<string>2147483647</string>
			<key>files</key>
			<array/>
			<key>inputPaths</key>
			<array/>
			<key>isa</key>
			<string>PBXShellScriptBuildPhase</string>
			<key>name</key>
			<string>Copy Pods Resources</string>
			<key>outputPaths</key>
			<array/>
			<key>runOnlyForDeploymentPostprocessing</key>
			<string>0</string>
			<key>shellPath</key>
			<string>/bin/sh</string>
			<key>shellScript</key>
			<string>"${SRCROOT}/Pods/Pods-resources.sh"
</string>
			<key>showEnvVarsInLog</key>
			<string>0</string>
		</dict>
		<key>82CE3173675445A1B7D179A2</key>
		<dict>
			<key>explicitFileType</key>
			<string>archive.ar</string>
			<key>includeInIndex</key>
			<string>0</string>
			<key>isa</key>
			<string>PBXFileReference</string>
			<key>path</key>
			<string>libPods-Multi-Pug-BombTests.a</string>
			<key>sourceTree</key>
			<string>BUILT_PRODUCTS_DIR</string>
		</dict>
		<key>8F0D3D5BCD59437282B46284</key>
		<dict>
			<key>fileRef</key>
			<string>4D8A48EC92C542B9913145FA</string>
			<key>isa</key>
			<string>PBXBuildFile</string>
		</dict>
		<key>D849976218FECDFF00318091</key>
		<dict>
			<key>children</key>
			<array>
				<string>D849977418FECDFF00318091</string>
				<string>D849979318FECDFF00318091</string>
				<string>D849976D18FECDFF00318091</string>
				<string>D849976C18FECDFF00318091</string>
				<string>E7FD1E32AB734521A295652C</string>
				<string>090FF9D53E8E4F7185DA089F</string>
			</array>
			<key>isa</key>
			<string>PBXGroup</string>
			<key>sourceTree</key>
			<string>&lt;group&gt;</string>
		</dict>
		<key>D849976318FECDFF00318091</key>
		<dict>
			<key>attributes</key>
			<dict>
				<key>CLASSPREFIX</key>
				<string>FIS</string>
				<key>LastUpgradeCheck</key>
				<string>0510</string>
				<key>ORGANIZATIONNAME</key>
				<string>Joe Burgess</string>
				<key>TargetAttributes</key>
				<dict>
					<key>D849978B18FECDFF00318091</key>
					<dict>
						<key>TestTargetID</key>
						<string>D849976A18FECDFF00318091</string>
					</dict>
				</dict>
			</dict>
			<key>buildConfigurationList</key>
			<string>D849976618FECDFF00318091</string>
			<key>compatibilityVersion</key>
			<string>Xcode 3.2</string>
			<key>developmentRegion</key>
			<string>English</string>
			<key>hasScannedForEncodings</key>
			<string>0</string>
			<key>isa</key>
			<string>PBXProject</string>
			<key>knownRegions</key>
			<array>
				<string>en</string>
				<string>Base</string>
			</array>
			<key>mainGroup</key>
			<string>D849976218FECDFF00318091</string>
			<key>productRefGroup</key>
			<string>D849976C18FECDFF00318091</string>
			<key>projectDirPath</key>
			<string></string>
			<key>projectRoot</key>
			<string></string>
			<key>targets</key>
			<array>
				<string>D849976A18FECDFF00318091</string>
				<string>D849978B18FECDFF00318091</string>
			</array>
		</dict>
		<key>D849976618FECDFF00318091</key>
		<dict>
			<key>buildConfigurations</key>
			<array>
				<string>D849979B18FECDFF00318091</string>
				<string>D849979C18FECDFF00318091</string>
			</array>
			<key>defaultConfigurationIsVisible</key>
			<string>0</string>
			<key>defaultConfigurationName</key>
			<string>Release</string>
			<key>isa</key>
			<string>XCConfigurationList</string>
		</dict>
		<key>D849976718FECDFF00318091</key>
		<dict>
			<key>buildActionMask</key>
			<string>2147483647</string>
			<key>files</key>
			<array>
				<string>D84997A718FECE5300318091</string>
				<string>D849977B18FECDFF00318091</string>
				<string>D84997AC18FECE5F00318091</string>
				<string>D849977F18FECDFF00318091</string>
				<string>449A3A061900AB02002CECFE</string>
				<string>D84997AD18FECE5F00318091</string>
			</array>
			<key>isa</key>
			<string>PBXSourcesBuildPhase</string>
			<key>runOnlyForDeploymentPostprocessing</key>
			<string>0</string>
		</dict>
		<key>D849976818FECDFF00318091</key>
		<dict>
			<key>buildActionMask</key>
			<string>2147483647</string>
			<key>files</key>
			<array>
				<string>D849977118FECDFF00318091</string>
				<string>D849977318FECDFF00318091</string>
				<string>D849976F18FECDFF00318091</string>
				<string>8F0D3D5BCD59437282B46284</string>
			</array>
			<key>isa</key>
			<string>PBXFrameworksBuildPhase</string>
			<key>runOnlyForDeploymentPostprocessing</key>
			<string>0</string>
		</dict>
		<key>D849976918FECDFF00318091</key>
		<dict>
			<key>buildActionMask</key>
			<string>2147483647</string>
			<key>files</key>
			<array>
				<string>D84997BE18FECEE200318091</string>
				<string>D84997C118FECF8100318091</string>
				<string>D849978718FECDFF00318091</string>
				<string>D84997BD18FECEE200318091</string>
				<string>449A3A081901688C002CECFE</string>
				<string>D849977918FECDFF00318091</string>
			</array>
			<key>isa</key>
			<string>PBXResourcesBuildPhase</string>
			<key>runOnlyForDeploymentPostprocessing</key>
			<string>0</string>
		</dict>
		<key>D849976A18FECDFF00318091</key>
		<dict>
			<key>buildConfigurationList</key>
			<string>D849979D18FECDFF00318091</string>
			<key>buildPhases</key>
			<array>
				<string>2C9176B786814424B247513B</string>
				<string>D849976718FECDFF00318091</string>
				<string>D849976818FECDFF00318091</string>
				<string>D849976918FECDFF00318091</string>
				<string>76761B120AF74628B2BF541F</string>
				<string>OBJCLEANCUSTOMRUNSCRIPTT</string>
			</array>
			<key>buildRules</key>
			<array/>
			<key>dependencies</key>
			<array/>
			<key>isa</key>
			<string>PBXNativeTarget</string>
			<key>name</key>
			<string>Multi-Pug-Bomb</string>
			<key>productName</key>
			<string>Multi-Pug-Bomb</string>
			<key>productReference</key>
			<string>D849976B18FECDFF00318091</string>
			<key>productType</key>
			<string>com.apple.product-type.application</string>
		</dict>
		<key>D849976B18FECDFF00318091</key>
		<dict>
			<key>explicitFileType</key>
			<string>wrapper.application</string>
			<key>includeInIndex</key>
			<string>0</string>
			<key>isa</key>
			<string>PBXFileReference</string>
			<key>path</key>
			<string>Multi-Pug-Bomb.app</string>
			<key>sourceTree</key>
			<string>BUILT_PRODUCTS_DIR</string>
		</dict>
		<key>D849976C18FECDFF00318091</key>
		<dict>
			<key>children</key>
			<array>
				<string>D849976B18FECDFF00318091</string>
				<string>D849978C18FECDFF00318091</string>
			</array>
			<key>isa</key>
			<string>PBXGroup</string>
			<key>name</key>
			<string>Products</string>
			<key>sourceTree</key>
			<string>&lt;group&gt;</string>
		</dict>
		<key>D849976D18FECDFF00318091</key>
		<dict>
			<key>children</key>
			<array>
				<string>D849976E18FECDFF00318091</string>
				<string>D849977018FECDFF00318091</string>
				<string>D849977218FECDFF00318091</string>
				<string>D849978D18FECDFF00318091</string>
				<string>4D8A48EC92C542B9913145FA</string>
				<string>82CE3173675445A1B7D179A2</string>
			</array>
			<key>isa</key>
			<string>PBXGroup</string>
			<key>name</key>
			<string>Frameworks</string>
			<key>sourceTree</key>
			<string>&lt;group&gt;</string>
		</dict>
		<key>D849976E18FECDFF00318091</key>
		<dict>
			<key>isa</key>
			<string>PBXFileReference</string>
			<key>lastKnownFileType</key>
			<string>wrapper.framework</string>
			<key>name</key>
			<string>Foundation.framework</string>
			<key>path</key>
			<string>System/Library/Frameworks/Foundation.framework</string>
			<key>sourceTree</key>
			<string>SDKROOT</string>
		</dict>
		<key>D849976F18FECDFF00318091</key>
		<dict>
			<key>fileRef</key>
			<string>D849976E18FECDFF00318091</string>
			<key>isa</key>
			<string>PBXBuildFile</string>
		</dict>
		<key>D849977018FECDFF00318091</key>
		<dict>
			<key>isa</key>
			<string>PBXFileReference</string>
			<key>lastKnownFileType</key>
			<string>wrapper.framework</string>
			<key>name</key>
			<string>CoreGraphics.framework</string>
			<key>path</key>
			<string>System/Library/Frameworks/CoreGraphics.framework</string>
			<key>sourceTree</key>
			<string>SDKROOT</string>
		</dict>
		<key>D849977118FECDFF00318091</key>
		<dict>
			<key>fileRef</key>
			<string>D849977018FECDFF00318091</string>
			<key>isa</key>
			<string>PBXBuildFile</string>
		</dict>
		<key>D849977218FECDFF00318091</key>
		<dict>
			<key>isa</key>
			<string>PBXFileReference</string>
			<key>lastKnownFileType</key>
			<string>wrapper.framework</string>
			<key>name</key>
			<string>UIKit.framework</string>
			<key>path</key>
			<string>System/Library/Frameworks/UIKit.framework</string>
			<key>sourceTree</key>
			<string>SDKROOT</string>
		</dict>
		<key>D849977318FECDFF00318091</key>
		<dict>
			<key>fileRef</key>
			<string>D849977218FECDFF00318091</string>
			<key>isa</key>
			<string>PBXBuildFile</string>
		</dict>
		<key>D849977418FECDFF00318091</key>
		<dict>
			<key>children</key>
			<array>
				<string>D849977D18FECDFF00318091</string>
				<string>D849977E18FECDFF00318091</string>
				<string>449A3A071901688C002CECFE</string>
				<string>D84997A518FECE5300318091</string>
				<string>D84997A618FECE5300318091</string>
				<string>D84997B318FECECB00318091</string>
				<string>D84997A818FECE5F00318091</string>
				<string>D84997A918FECE5F00318091</string>
				<string>D84997AA18FECE5F00318091</string>
				<string>D84997AB18FECE5F00318091</string>
				<string>D849978618FECDFF00318091</string>
				<string>D849977518FECDFF00318091</string>
				<string>449A3A041900AB02002CECFE</string>
				<string>449A3A051900AB02002CECFE</string>
			</array>
			<key>isa</key>
			<string>PBXGroup</string>
			<key>path</key>
			<string>Multi-Pug-Bomb</string>
			<key>sourceTree</key>
			<string>&lt;group&gt;</string>
		</dict>
		<key>D849977518FECDFF00318091</key>
		<dict>
			<key>children</key>
			<array>
				<string>D84997BA18FECED800318091</string>
				<string>D849977618FECDFF00318091</string>
				<string>D849977718FECDFF00318091</string>
				<string>D849977A18FECDFF00318091</string>
				<string>D849977C18FECDFF00318091</string>
			</array>
			<key>isa</key>
			<string>PBXGroup</string>
			<key>name</key>
			<string>Supporting Files</string>
			<key>sourceTree</key>
			<string>&lt;group&gt;</string>
		</dict>
		<key>D849977618FECDFF00318091</key>
		<dict>
			<key>isa</key>
			<string>PBXFileReference</string>
			<key>lastKnownFileType</key>
			<string>text.plist.xml</string>
			<key>path</key>
			<string>Multi-Pug-Bomb-Info.plist</string>
			<key>sourceTree</key>
			<string>&lt;group&gt;</string>
		</dict>
		<key>D849977718FECDFF00318091</key>
		<dict>
			<key>children</key>
			<array>
				<string>D849977818FECDFF00318091</string>
			</array>
			<key>isa</key>
			<string>PBXVariantGroup</string>
			<key>name</key>
			<string>InfoPlist.strings</string>
			<key>sourceTree</key>
			<string>&lt;group&gt;</string>
		</dict>
		<key>D849977818FECDFF00318091</key>
		<dict>
			<key>isa</key>
			<string>PBXFileReference</string>
			<key>lastKnownFileType</key>
			<string>text.plist.strings</string>
			<key>name</key>
			<string>en</string>
			<key>path</key>
			<string>en.lproj/InfoPlist.strings</string>
			<key>sourceTree</key>
			<string>&lt;group&gt;</string>
		</dict>
		<key>D849977918FECDFF00318091</key>
		<dict>
			<key>fileRef</key>
			<string>D849977718FECDFF00318091</string>
			<key>isa</key>
			<string>PBXBuildFile</string>
		</dict>
		<key>D849977A18FECDFF00318091</key>
		<dict>
			<key>isa</key>
			<string>PBXFileReference</string>
			<key>lastKnownFileType</key>
			<string>sourcecode.c.objc</string>
			<key>path</key>
			<string>main.m</string>
			<key>sourceTree</key>
			<string>&lt;group&gt;</string>
		</dict>
		<key>D849977B18FECDFF00318091</key>
		<dict>
			<key>fileRef</key>
			<string>D849977A18FECDFF00318091</string>
			<key>isa</key>
			<string>PBXBuildFile</string>
		</dict>
		<key>D849977C18FECDFF00318091</key>
		<dict>
			<key>isa</key>
			<string>PBXFileReference</string>
			<key>lastKnownFileType</key>
			<string>sourcecode.c.h</string>
			<key>path</key>
			<string>Multi-Pug-Bomb-Prefix.pch</string>
			<key>sourceTree</key>
			<string>&lt;group&gt;</string>
		</dict>
		<key>D849977D18FECDFF00318091</key>
		<dict>
			<key>isa</key>
			<string>PBXFileReference</string>
			<key>lastKnownFileType</key>
			<string>sourcecode.c.h</string>
			<key>path</key>
			<string>FISAppDelegate.h</string>
			<key>sourceTree</key>
			<string>&lt;group&gt;</string>
		</dict>
		<key>D849977E18FECDFF00318091</key>
		<dict>
			<key>isa</key>
			<string>PBXFileReference</string>
			<key>lastKnownFileType</key>
			<string>sourcecode.c.objc</string>
			<key>path</key>
			<string>FISAppDelegate.m</string>
			<key>sourceTree</key>
			<string>&lt;group&gt;</string>
		</dict>
		<key>D849977F18FECDFF00318091</key>
		<dict>
			<key>fileRef</key>
			<string>D849977E18FECDFF00318091</string>
			<key>isa</key>
			<string>PBXBuildFile</string>
		</dict>
		<key>D849978618FECDFF00318091</key>
		<dict>
			<key>isa</key>
			<string>PBXFileReference</string>
			<key>lastKnownFileType</key>
			<string>folder.assetcatalog</string>
			<key>path</key>
			<string>Images.xcassets</string>
			<key>sourceTree</key>
			<string>&lt;group&gt;</string>
		</dict>
		<key>D849978718FECDFF00318091</key>
		<dict>
			<key>fileRef</key>
			<string>D849978618FECDFF00318091</string>
			<key>isa</key>
			<string>PBXBuildFile</string>
		</dict>
		<key>D849978818FECDFF00318091</key>
		<dict>
			<key>buildActionMask</key>
			<string>2147483647</string>
			<key>files</key>
			<array>
				<string>D84997B118FECEBC00318091</string>
				<string>D84997B818FECECB00318091</string>
				<string>D84997B018FECEBC00318091</string>
				<string>D84997B918FECECB00318091</string>
			</array>
			<key>isa</key>
			<string>PBXSourcesBuildPhase</string>
			<key>runOnlyForDeploymentPostprocessing</key>
			<string>0</string>
		</dict>
		<key>D849978918FECDFF00318091</key>
		<dict>
			<key>buildActionMask</key>
			<string>2147483647</string>
			<key>files</key>
			<array>
				<string>D849978E18FECDFF00318091</string>
				<string>D849979018FECDFF00318091</string>
				<string>D849978F18FECDFF00318091</string>
				<string>4CBE2799F50148AEA655ADCF</string>
			</array>
			<key>isa</key>
			<string>PBXFrameworksBuildPhase</string>
			<key>runOnlyForDeploymentPostprocessing</key>
			<string>0</string>
		</dict>
		<key>D849978A18FECDFF00318091</key>
		<dict>
			<key>buildActionMask</key>
			<string>2147483647</string>
			<key>files</key>
			<array>
				<string>D849979818FECDFF00318091</string>
				<string>D84997B718FECECB00318091</string>
				<string>D84997C018FECEF600318091</string>
				<string>D84997BF18FECEF500318091</string>
			</array>
			<key>isa</key>
			<string>PBXResourcesBuildPhase</string>
			<key>runOnlyForDeploymentPostprocessing</key>
			<string>0</string>
		</dict>
		<key>D849978B18FECDFF00318091</key>
		<dict>
			<key>buildConfigurationList</key>
			<string>D84997A018FECDFF00318091</string>
			<key>buildPhases</key>
			<array>
				<string>FFD74275A4DB4D44B1E62E75</string>
				<string>D849978818FECDFF00318091</string>
				<string>D849978918FECDFF00318091</string>
				<string>D849978A18FECDFF00318091</string>
				<string>FB4F4E3D4C1247C28AE504E6</string>
			</array>
			<key>buildRules</key>
			<array/>
			<key>dependencies</key>
			<array>
				<string>D849979218FECDFF00318091</string>
			</array>
			<key>isa</key>
			<string>PBXNativeTarget</string>
			<key>name</key>
			<string>Multi-Pug-BombTests</string>
			<key>productName</key>
			<string>Multi-Pug-BombTests</string>
			<key>productReference</key>
			<string>D849978C18FECDFF00318091</string>
			<key>productType</key>
			<string>com.apple.product-type.bundle.unit-test</string>
		</dict>
		<key>D849978C18FECDFF00318091</key>
		<dict>
			<key>explicitFileType</key>
			<string>wrapper.cfbundle</string>
			<key>includeInIndex</key>
			<string>0</string>
			<key>isa</key>
			<string>PBXFileReference</string>
			<key>path</key>
			<string>Multi-Pug-BombTests.xctest</string>
			<key>sourceTree</key>
			<string>BUILT_PRODUCTS_DIR</string>
		</dict>
		<key>D849978D18FECDFF00318091</key>
		<dict>
			<key>isa</key>
			<string>PBXFileReference</string>
			<key>lastKnownFileType</key>
			<string>wrapper.framework</string>
			<key>name</key>
			<string>XCTest.framework</string>
			<key>path</key>
			<string>Library/Frameworks/XCTest.framework</string>
			<key>sourceTree</key>
			<string>DEVELOPER_DIR</string>
		</dict>
		<key>D849978E18FECDFF00318091</key>
		<dict>
			<key>fileRef</key>
			<string>D849978D18FECDFF00318091</string>
			<key>isa</key>
			<string>PBXBuildFile</string>
		</dict>
		<key>D849978F18FECDFF00318091</key>
		<dict>
			<key>fileRef</key>
			<string>D849976E18FECDFF00318091</string>
			<key>isa</key>
			<string>PBXBuildFile</string>
		</dict>
		<key>D849979018FECDFF00318091</key>
		<dict>
			<key>fileRef</key>
			<string>D849977218FECDFF00318091</string>
			<key>isa</key>
			<string>PBXBuildFile</string>
		</dict>
		<key>D849979118FECDFF00318091</key>
		<dict>
			<key>containerPortal</key>
			<string>D849976318FECDFF00318091</string>
			<key>isa</key>
			<string>PBXContainerItemProxy</string>
			<key>proxyType</key>
			<string>1</string>
			<key>remoteGlobalIDString</key>
			<string>D849976A18FECDFF00318091</string>
			<key>remoteInfo</key>
			<string>Multi-Pug-Bomb</string>
		</dict>
		<key>D849979218FECDFF00318091</key>
		<dict>
			<key>isa</key>
			<string>PBXTargetDependency</string>
			<key>target</key>
			<string>D849976A18FECDFF00318091</string>
			<key>targetProxy</key>
			<string>D849979118FECDFF00318091</string>
		</dict>
		<key>D849979318FECDFF00318091</key>
		<dict>
			<key>children</key>
			<array>
				<string>D84997AE18FECEBC00318091</string>
				<string>D84997AF18FECEBC00318091</string>
				<string>D849979418FECDFF00318091</string>
			</array>
			<key>isa</key>
			<string>PBXGroup</string>
			<key>path</key>
			<string>Multi-Pug-BombTests</string>
			<key>sourceTree</key>
			<string>&lt;group&gt;</string>
		</dict>
		<key>D849979418FECDFF00318091</key>
		<dict>
			<key>children</key>
			<array>
				<string>D849979518FECDFF00318091</string>
				<string>D849979618FECDFF00318091</string>
				<string>D84997B218FECECB00318091</string>
				<string>D84997B418FECECB00318091</string>
				<string>D84997B518FECECB00318091</string>
				<string>D84997B618FECECB00318091</string>
			</array>
			<key>isa</key>
			<string>PBXGroup</string>
			<key>name</key>
			<string>Supporting Files</string>
			<key>sourceTree</key>
			<string>&lt;group&gt;</string>
		</dict>
		<key>D849979518FECDFF00318091</key>
		<dict>
			<key>isa</key>
			<string>PBXFileReference</string>
			<key>lastKnownFileType</key>
			<string>text.plist.xml</string>
			<key>name</key>
			<string>Multi-Pug-BombTests-Info.plist</string>
			<key>path</key>
			<string>Supporting_Files/Multi-Pug-BombTests-Info.plist</string>
			<key>sourceTree</key>
			<string>&lt;group&gt;</string>
		</dict>
		<key>D849979618FECDFF00318091</key>
		<dict>
			<key>children</key>
			<array>
				<string>D849979718FECDFF00318091</string>
			</array>
			<key>isa</key>
			<string>PBXVariantGroup</string>
			<key>name</key>
			<string>InfoPlist.strings</string>
			<key>sourceTree</key>
			<string>&lt;group&gt;</string>
		</dict>
		<key>D849979718FECDFF00318091</key>
		<dict>
			<key>isa</key>
			<string>PBXFileReference</string>
			<key>lastKnownFileType</key>
			<string>text.plist.strings</string>
			<key>name</key>
			<string>en</string>
			<key>path</key>
			<string>en.lproj/InfoPlist.strings</string>
			<key>sourceTree</key>
			<string>&lt;group&gt;</string>
		</dict>
		<key>D849979818FECDFF00318091</key>
		<dict>
			<key>fileRef</key>
			<string>D849979618FECDFF00318091</string>
			<key>isa</key>
			<string>PBXBuildFile</string>
		</dict>
		<key>D849979B18FECDFF00318091</key>
		<dict>
			<key>buildSettings</key>
			<dict>
				<key>ALWAYS_SEARCH_USER_PATHS</key>
				<string>NO</string>
				<key>CLANG_CXX_LANGUAGE_STANDARD</key>
				<string>gnu++0x</string>
				<key>CLANG_CXX_LIBRARY</key>
				<string>libc++</string>
				<key>CLANG_ENABLE_MODULES</key>
				<string>YES</string>
				<key>CLANG_ENABLE_OBJC_ARC</key>
				<string>YES</string>
				<key>CLANG_WARN_BOOL_CONVERSION</key>
				<string>YES</string>
				<key>CLANG_WARN_CONSTANT_CONVERSION</key>
				<string>YES</string>
				<key>CLANG_WARN_DIRECT_OBJC_ISA_USAGE</key>
				<string>YES_ERROR</string>
				<key>CLANG_WARN_EMPTY_BODY</key>
				<string>YES</string>
				<key>CLANG_WARN_ENUM_CONVERSION</key>
				<string>YES</string>
				<key>CLANG_WARN_INT_CONVERSION</key>
				<string>YES</string>
				<key>CLANG_WARN_OBJC_ROOT_CLASS</key>
				<string>YES_ERROR</string>
				<key>CLANG_WARN__DUPLICATE_METHOD_MATCH</key>
				<string>YES</string>
				<key>CODE_SIGN_IDENTITY[sdk=iphoneos*]</key>
				<string>iPhone Developer</string>
				<key>COPY_PHASE_STRIP</key>
				<string>NO</string>
				<key>GCC_C_LANGUAGE_STANDARD</key>
				<string>gnu99</string>
				<key>GCC_DYNAMIC_NO_PIC</key>
				<string>NO</string>
				<key>GCC_OPTIMIZATION_LEVEL</key>
				<string>0</string>
				<key>GCC_PREPROCESSOR_DEFINITIONS</key>
				<array>
					<string>DEBUG=1</string>
					<string>$(inherited)</string>
				</array>
				<key>GCC_SYMBOLS_PRIVATE_EXTERN</key>
				<string>NO</string>
				<key>GCC_WARN_64_TO_32_BIT_CONVERSION</key>
				<string>YES</string>
				<key>GCC_WARN_ABOUT_RETURN_TYPE</key>
				<string>YES_ERROR</string>
				<key>GCC_WARN_UNDECLARED_SELECTOR</key>
				<string>YES</string>
				<key>GCC_WARN_UNINITIALIZED_AUTOS</key>
				<string>YES_AGGRESSIVE</string>
				<key>GCC_WARN_UNUSED_FUNCTION</key>
				<string>YES</string>
				<key>GCC_WARN_UNUSED_VARIABLE</key>
				<string>YES</string>
				<key>IPHONEOS_DEPLOYMENT_TARGET</key>
				<string>7.1</string>
				<key>ONLY_ACTIVE_ARCH</key>
				<string>YES</string>
				<key>SDKROOT</key>
				<string>iphoneos</string>
			</dict>
			<key>isa</key>
			<string>XCBuildConfiguration</string>
			<key>name</key>
			<string>Debug</string>
		</dict>
		<key>D849979C18FECDFF00318091</key>
		<dict>
			<key>buildSettings</key>
			<dict>
				<key>ALWAYS_SEARCH_USER_PATHS</key>
				<string>NO</string>
				<key>CLANG_CXX_LANGUAGE_STANDARD</key>
				<string>gnu++0x</string>
				<key>CLANG_CXX_LIBRARY</key>
				<string>libc++</string>
				<key>CLANG_ENABLE_MODULES</key>
				<string>YES</string>
				<key>CLANG_ENABLE_OBJC_ARC</key>
				<string>YES</string>
				<key>CLANG_WARN_BOOL_CONVERSION</key>
				<string>YES</string>
				<key>CLANG_WARN_CONSTANT_CONVERSION</key>
				<string>YES</string>
				<key>CLANG_WARN_DIRECT_OBJC_ISA_USAGE</key>
				<string>YES_ERROR</string>
				<key>CLANG_WARN_EMPTY_BODY</key>
				<string>YES</string>
				<key>CLANG_WARN_ENUM_CONVERSION</key>
				<string>YES</string>
				<key>CLANG_WARN_INT_CONVERSION</key>
				<string>YES</string>
				<key>CLANG_WARN_OBJC_ROOT_CLASS</key>
				<string>YES_ERROR</string>
				<key>CLANG_WARN__DUPLICATE_METHOD_MATCH</key>
				<string>YES</string>
				<key>CODE_SIGN_IDENTITY[sdk=iphoneos*]</key>
				<string>iPhone Developer</string>
				<key>COPY_PHASE_STRIP</key>
				<string>YES</string>
				<key>ENABLE_NS_ASSERTIONS</key>
				<string>NO</string>
				<key>GCC_C_LANGUAGE_STANDARD</key>
				<string>gnu99</string>
				<key>GCC_WARN_64_TO_32_BIT_CONVERSION</key>
				<string>YES</string>
				<key>GCC_WARN_ABOUT_RETURN_TYPE</key>
				<string>YES_ERROR</string>
				<key>GCC_WARN_UNDECLARED_SELECTOR</key>
				<string>YES</string>
				<key>GCC_WARN_UNINITIALIZED_AUTOS</key>
				<string>YES_AGGRESSIVE</string>
				<key>GCC_WARN_UNUSED_FUNCTION</key>
				<string>YES</string>
				<key>GCC_WARN_UNUSED_VARIABLE</key>
				<string>YES</string>
				<key>IPHONEOS_DEPLOYMENT_TARGET</key>
				<string>7.1</string>
				<key>SDKROOT</key>
				<string>iphoneos</string>
				<key>VALIDATE_PRODUCT</key>
				<string>YES</string>
			</dict>
			<key>isa</key>
			<string>XCBuildConfiguration</string>
			<key>name</key>
			<string>Release</string>
		</dict>
		<key>D849979D18FECDFF00318091</key>
		<dict>
			<key>buildConfigurations</key>
			<array>
				<string>D849979E18FECDFF00318091</string>
				<string>D849979F18FECDFF00318091</string>
			</array>
			<key>defaultConfigurationIsVisible</key>
			<string>0</string>
			<key>defaultConfigurationName</key>
			<string>Release</string>
			<key>isa</key>
			<string>XCConfigurationList</string>
		</dict>
		<key>D849979E18FECDFF00318091</key>
		<dict>
			<key>baseConfigurationReference</key>
			<string>E7FD1E32AB734521A295652C</string>
			<key>buildSettings</key>
			<dict>
				<key>ASSETCATALOG_COMPILER_APPICON_NAME</key>
				<string>AppIcon</string>
				<key>ASSETCATALOG_COMPILER_LAUNCHIMAGE_NAME</key>
				<string>LaunchImage</string>
				<key>GCC_PRECOMPILE_PREFIX_HEADER</key>
				<string>YES</string>
				<key>GCC_PREFIX_HEADER</key>
				<string>Multi-Pug-Bomb/Multi-Pug-Bomb-Prefix.pch</string>
				<key>INFOPLIST_FILE</key>
				<string>Multi-Pug-Bomb/Multi-Pug-Bomb-Info.plist</string>
				<key>PRODUCT_NAME</key>
				<string>$(TARGET_NAME)</string>
				<key>WRAPPER_EXTENSION</key>
				<string>app</string>
			</dict>
			<key>isa</key>
			<string>XCBuildConfiguration</string>
			<key>name</key>
			<string>Debug</string>
		</dict>
		<key>D849979F18FECDFF00318091</key>
		<dict>
			<key>baseConfigurationReference</key>
			<string>E7FD1E32AB734521A295652C</string>
			<key>buildSettings</key>
			<dict>
				<key>ASSETCATALOG_COMPILER_APPICON_NAME</key>
				<string>AppIcon</string>
				<key>ASSETCATALOG_COMPILER_LAUNCHIMAGE_NAME</key>
				<string>LaunchImage</string>
				<key>GCC_PRECOMPILE_PREFIX_HEADER</key>
				<string>YES</string>
				<key>GCC_PREFIX_HEADER</key>
				<string>Multi-Pug-Bomb/Multi-Pug-Bomb-Prefix.pch</string>
				<key>INFOPLIST_FILE</key>
				<string>Multi-Pug-Bomb/Multi-Pug-Bomb-Info.plist</string>
				<key>PRODUCT_NAME</key>
				<string>$(TARGET_NAME)</string>
				<key>WRAPPER_EXTENSION</key>
				<string>app</string>
			</dict>
			<key>isa</key>
			<string>XCBuildConfiguration</string>
			<key>name</key>
			<string>Release</string>
		</dict>
		<key>D84997A018FECDFF00318091</key>
		<dict>
			<key>buildConfigurations</key>
			<array>
				<string>D84997A118FECDFF00318091</string>
				<string>D84997A218FECDFF00318091</string>
			</array>
			<key>defaultConfigurationIsVisible</key>
			<string>0</string>
			<key>defaultConfigurationName</key>
			<string>Release</string>
			<key>isa</key>
			<string>XCConfigurationList</string>
		</dict>
		<key>D84997A118FECDFF00318091</key>
		<dict>
			<key>baseConfigurationReference</key>
			<string>090FF9D53E8E4F7185DA089F</string>
			<key>buildSettings</key>
			<dict>
				<key>BUNDLE_LOADER</key>
				<string>$(BUILT_PRODUCTS_DIR)/Multi-Pug-Bomb.app/Multi-Pug-Bomb</string>
				<key>FRAMEWORK_SEARCH_PATHS</key>
				<array>
					<string>$(SDKROOT)/Developer/Library/Frameworks</string>
					<string>$(inherited)</string>
					<string>$(DEVELOPER_FRAMEWORKS_DIR)</string>
				</array>
				<key>GCC_PRECOMPILE_PREFIX_HEADER</key>
				<string>YES</string>
				<key>GCC_PREFIX_HEADER</key>
				<string>Multi-Pug-Bomb/Multi-Pug-Bomb-Prefix.pch</string>
				<key>GCC_PREPROCESSOR_DEFINITIONS</key>
				<array>
					<string>DEBUG=1</string>
					<string>$(inherited)</string>
				</array>
				<key>INFOPLIST_FILE</key>
				<string>Multi-Pug-BombTests/Multi-Pug-BombTests-Info.plist</string>
				<key>PRODUCT_NAME</key>
				<string>$(TARGET_NAME)</string>
				<key>TEST_HOST</key>
				<string>$(BUNDLE_LOADER)</string>
				<key>WRAPPER_EXTENSION</key>
				<string>xctest</string>
			</dict>
			<key>isa</key>
			<string>XCBuildConfiguration</string>
			<key>name</key>
			<string>Debug</string>
		</dict>
		<key>D84997A218FECDFF00318091</key>
		<dict>
			<key>baseConfigurationReference</key>
			<string>090FF9D53E8E4F7185DA089F</string>
			<key>buildSettings</key>
			<dict>
				<key>BUNDLE_LOADER</key>
				<string>$(BUILT_PRODUCTS_DIR)/Multi-Pug-Bomb.app/Multi-Pug-Bomb</string>
				<key>FRAMEWORK_SEARCH_PATHS</key>
				<array>
					<string>$(SDKROOT)/Developer/Library/Frameworks</string>
					<string>$(inherited)</string>
					<string>$(DEVELOPER_FRAMEWORKS_DIR)</string>
				</array>
				<key>GCC_PRECOMPILE_PREFIX_HEADER</key>
				<string>YES</string>
				<key>GCC_PREFIX_HEADER</key>
				<string>Multi-Pug-Bomb/Multi-Pug-Bomb-Prefix.pch</string>
				<key>INFOPLIST_FILE</key>
				<string>Multi-Pug-BombTests/Multi-Pug-BombTests-Info.plist</string>
				<key>PRODUCT_NAME</key>
				<string>$(TARGET_NAME)</string>
				<key>TEST_HOST</key>
				<string>$(BUNDLE_LOADER)</string>
				<key>WRAPPER_EXTENSION</key>
				<string>xctest</string>
			</dict>
			<key>isa</key>
			<string>XCBuildConfiguration</string>
			<key>name</key>
			<string>Release</string>
		</dict>
		<key>D84997A518FECE5300318091</key>
		<dict>
			<key>fileEncoding</key>
			<string>4</string>
			<key>isa</key>
			<string>PBXFileReference</string>
			<key>lastKnownFileType</key>
			<string>sourcecode.c.h</string>
			<key>path</key>
			<string>FISPugCell.h</string>
			<key>sourceTree</key>
			<string>&lt;group&gt;</string>
		</dict>
		<key>D84997A618FECE5300318091</key>
		<dict>
			<key>fileEncoding</key>
			<string>4</string>
			<key>isa</key>
			<string>PBXFileReference</string>
			<key>lastKnownFileType</key>
			<string>sourcecode.c.objc</string>
			<key>path</key>
			<string>FISPugCell.m</string>
			<key>sourceTree</key>
			<string>&lt;group&gt;</string>
		</dict>
		<key>D84997A718FECE5300318091</key>
		<dict>
			<key>fileRef</key>
			<string>D84997A618FECE5300318091</string>
			<key>isa</key>
			<string>PBXBuildFile</string>
		</dict>
		<key>D84997A818FECE5F00318091</key>
		<dict>
			<key>fileEncoding</key>
			<string>4</string>
			<key>isa</key>
			<string>PBXFileReference</string>
			<key>lastKnownFileType</key>
			<string>sourcecode.c.h</string>
			<key>path</key>
			<string>ImagesTableViewController.h</string>
			<key>sourceTree</key>
			<string>&lt;group&gt;</string>
		</dict>
		<key>D84997A918FECE5F00318091</key>
		<dict>
			<key>fileEncoding</key>
			<string>4</string>
			<key>isa</key>
			<string>PBXFileReference</string>
			<key>lastKnownFileType</key>
			<string>sourcecode.c.objc</string>
			<key>path</key>
			<string>ImagesTableViewController.m</string>
			<key>sourceTree</key>
			<string>&lt;group&gt;</string>
		</dict>
		<key>D84997AA18FECE5F00318091</key>
		<dict>
			<key>fileEncoding</key>
			<string>4</string>
			<key>isa</key>
			<string>PBXFileReference</string>
			<key>lastKnownFileType</key>
			<string>sourcecode.c.h</string>
			<key>path</key>
			<string>pugAPI.h</string>
			<key>sourceTree</key>
			<string>&lt;group&gt;</string>
		</dict>
		<key>D84997AB18FECE5F00318091</key>
		<dict>
			<key>fileEncoding</key>
			<string>4</string>
			<key>isa</key>
			<string>PBXFileReference</string>
			<key>lastKnownFileType</key>
			<string>sourcecode.c.objc</string>
			<key>path</key>
			<string>pugAPI.m</string>
			<key>sourceTree</key>
			<string>&lt;group&gt;</string>
		</dict>
		<key>D84997AC18FECE5F00318091</key>
		<dict>
			<key>fileRef</key>
			<string>D84997A918FECE5F00318091</string>
			<key>isa</key>
			<string>PBXBuildFile</string>
		</dict>
		<key>D84997AD18FECE5F00318091</key>
		<dict>
			<key>fileRef</key>
			<string>D84997AB18FECE5F00318091</string>
			<key>isa</key>
			<string>PBXBuildFile</string>
		</dict>
		<key>D84997AE18FECEBC00318091</key>
		<dict>
			<key>fileEncoding</key>
			<string>4</string>
			<key>isa</key>
			<string>PBXFileReference</string>
			<key>lastKnownFileType</key>
			<string>sourcecode.c.objc</string>
			<key>path</key>
			<string>ImagesTableViewControllerSpec.m</string>
			<key>sourceTree</key>
			<string>&lt;group&gt;</string>
		</dict>
		<key>D84997AF18FECEBC00318091</key>
		<dict>
			<key>fileEncoding</key>
			<string>4</string>
			<key>isa</key>
			<string>PBXFileReference</string>
			<key>lastKnownFileType</key>
			<string>sourcecode.c.objc</string>
			<key>path</key>
			<string>pugAPISpec.m</string>
			<key>sourceTree</key>
			<string>&lt;group&gt;</string>
		</dict>
		<key>D84997B018FECEBC00318091</key>
		<dict>
			<key>fileRef</key>
			<string>D84997AE18FECEBC00318091</string>
			<key>isa</key>
			<string>PBXBuildFile</string>
		</dict>
		<key>D84997B118FECEBC00318091</key>
		<dict>
			<key>fileRef</key>
			<string>D84997AF18FECEBC00318091</string>
			<key>isa</key>
			<string>PBXBuildFile</string>
		</dict>
		<key>D84997B218FECECB00318091</key>
		<dict>
			<key>fileEncoding</key>
			<string>4</string>
			<key>isa</key>
			<string>PBXFileReference</string>
			<key>lastKnownFileType</key>
			<string>sourcecode.c.h</string>
			<key>name</key>
			<string>testHelper.h</string>
			<key>path</key>
			<string>Supporting_Files/testHelper.h</string>
			<key>sourceTree</key>
			<string>&lt;group&gt;</string>
		</dict>
		<key>D84997B318FECECB00318091</key>
		<dict>
			<key>isa</key>
			<string>PBXFileReference</string>
			<key>lastKnownFileType</key>
			<string>image.png</string>
			<key>name</key>
			<string>placeholder.png</string>
			<key>path</key>
			<string>Multi-Pug-BombTests/Supporting_Files/placeholder.png</string>
			<key>sourceTree</key>
			<string>SOURCE_ROOT</string>
		</dict>
		<key>D84997B418FECECB00318091</key>
		<dict>
			<key>fileEncoding</key>
			<string>4</string>
			<key>isa</key>
			<string>PBXFileReference</string>
			<key>lastKnownFileType</key>
			<string>sourcecode.c.objc</string>
			<key>name</key>
			<string>testHelper.m</string>
			<key>path</key>
			<string>Supporting_Files/testHelper.m</string>
			<key>sourceTree</key>
			<string>&lt;group&gt;</string>
		</dict>
		<key>D84997B518FECECB00318091</key>
		<dict>
			<key>fileEncoding</key>
			<string>4</string>
			<key>isa</key>
			<string>PBXFileReference</string>
			<key>lastKnownFileType</key>
			<string>sourcecode.c.h</string>
			<key>name</key>
			<string>EXPMatcher+imageMatchers.h</string>
			<key>path</key>
			<string>Supporting_Files/EXPMatcher+imageMatchers.h</string>
			<key>sourceTree</key>
			<string>&lt;group&gt;</string>
		</dict>
		<key>D84997B618FECECB00318091</key>
		<dict>
			<key>fileEncoding</key>
			<string>4</string>
			<key>isa</key>
			<string>PBXFileReference</string>
			<key>lastKnownFileType</key>
			<string>sourcecode.c.objc</string>
			<key>name</key>
			<string>EXPMatcher+imageMatchers.m</string>
			<key>path</key>
			<string>Supporting_Files/EXPMatcher+imageMatchers.m</string>
			<key>sourceTree</key>
			<string>&lt;group&gt;</string>
		</dict>
		<key>D84997B718FECECB00318091</key>
		<dict>
			<key>fileRef</key>
			<string>D84997B318FECECB00318091</string>
			<key>isa</key>
			<string>PBXBuildFile</string>
		</dict>
		<key>D84997B818FECECB00318091</key>
		<dict>
			<key>fileRef</key>
			<string>D84997B418FECECB00318091</string>
			<key>isa</key>
			<string>PBXBuildFile</string>
		</dict>
		<key>D84997B918FECECB00318091</key>
		<dict>
			<key>fileRef</key>
			<string>D84997B618FECECB00318091</string>
			<key>isa</key>
			<string>PBXBuildFile</string>
		</dict>
		<key>D84997BA18FECED800318091</key>
		<dict>
			<key>children</key>
			<array>
				<string>D84997BB18FECEE200318091</string>
				<string>D84997BC18FECEE200318091</string>
			</array>
			<key>isa</key>
			<string>PBXGroup</string>
			<key>name</key>
			<string>Testing Files</string>
			<key>sourceTree</key>
			<string>&lt;group&gt;</string>
		</dict>
		<key>D84997BB18FECEE200318091</key>
		<dict>
			<key>isa</key>
			<string>PBXFileReference</string>
			<key>lastKnownFileType</key>
			<string>image.jpeg</string>
			<key>name</key>
			<string>pug.jpg</string>
			<key>path</key>
			<string>../Test_Files/pug.jpg</string>
			<key>sourceTree</key>
			<string>&lt;group&gt;</string>
		</dict>
		<key>D84997BC18FECEE200318091</key>
		<dict>
			<key>fileEncoding</key>
			<string>4</string>
			<key>isa</key>
			<string>PBXFileReference</string>
			<key>lastKnownFileType</key>
			<string>text.json</string>
			<key>name</key>
			<string>output.json</string>
			<key>path</key>
			<string>../Test_Files/output.json</string>
			<key>sourceTree</key>
			<string>&lt;group&gt;</string>
		</dict>
		<key>D84997BD18FECEE200318091</key>
		<dict>
			<key>fileRef</key>
			<string>D84997BB18FECEE200318091</string>
			<key>isa</key>
			<string>PBXBuildFile</string>
		</dict>
		<key>D84997BE18FECEE200318091</key>
		<dict>
			<key>fileRef</key>
			<string>D84997BC18FECEE200318091</string>
			<key>isa</key>
			<string>PBXBuildFile</string>
		</dict>
		<key>D84997BF18FECEF500318091</key>
		<dict>
			<key>fileRef</key>
			<string>D84997BB18FECEE200318091</string>
			<key>isa</key>
			<string>PBXBuildFile</string>
		</dict>
		<key>D84997C018FECEF600318091</key>
		<dict>
			<key>fileRef</key>
			<string>D84997BC18FECEE200318091</string>
			<key>isa</key>
			<string>PBXBuildFile</string>
		</dict>
		<key>D84997C118FECF8100318091</key>
		<dict>
			<key>fileRef</key>
			<string>D84997B318FECECB00318091</string>
			<key>isa</key>
			<string>PBXBuildFile</string>
		</dict>
		<key>E7FD1E32AB734521A295652C</key>
		<dict>
			<key>includeInIndex</key>
			<string>1</string>
			<key>isa</key>
			<string>PBXFileReference</string>
			<key>lastKnownFileType</key>
			<string>text.xcconfig</string>
			<key>name</key>
			<string>Pods.xcconfig</string>
			<key>path</key>
			<string>Pods/Pods.xcconfig</string>
			<key>sourceTree</key>
			<string>&lt;group&gt;</string>
		</dict>
		<key>FB4F4E3D4C1247C28AE504E6</key>
		<dict>
			<key>buildActionMask</key>
			<string>2147483647</string>
			<key>files</key>
			<array/>
			<key>inputPaths</key>
			<array/>
			<key>isa</key>
			<string>PBXShellScriptBuildPhase</string>
			<key>name</key>
			<string>Copy Pods Resources</string>
			<key>outputPaths</key>
			<array/>
			<key>runOnlyForDeploymentPostprocessing</key>
			<string>0</string>
			<key>shellPath</key>
			<string>/bin/sh</string>
			<key>shellScript</key>
			<string>"${SRCROOT}/Pods/Pods-Multi-Pug-BombTests-resources.sh"
</string>
			<key>showEnvVarsInLog</key>
			<string>0</string>
		</dict>
		<key>FFD74275A4DB4D44B1E62E75</key>
		<dict>
			<key>buildActionMask</key>
			<string>2147483647</string>
			<key>files</key>
			<array/>
			<key>inputPaths</key>
			<array/>
			<key>isa</key>
			<string>PBXShellScriptBuildPhase</string>
			<key>name</key>
			<string>Check Pods Manifest.lock</string>
			<key>outputPaths</key>
			<array/>
			<key>runOnlyForDeploymentPostprocessing</key>
			<string>0</string>
			<key>shellPath</key>
			<string>/bin/sh</string>
			<key>shellScript</key>
			<string>diff "${PODS_ROOT}/../Podfile.lock" "${PODS_ROOT}/Manifest.lock" &gt; /dev/null
if [[ $? != 0 ]] ; then
    cat &lt;&lt; EOM
error: The sandbox is not in sync with the Podfile.lock. Run 'pod install' or update your CocoaPods installation.
EOM
    exit 1
fi
</string>
			<key>showEnvVarsInLog</key>
			<string>0</string>
		</dict>
		<key>OBJCLEANCUSTOMRUNSCRIPTT</key>
		<dict>
			<key>buildActionMask</key>
			<integer>2147483647</integer>
			<key>files</key>
			<array/>
			<key>inputPaths</key>
			<array/>
			<key>isa</key>
			<string>PBXShellScriptBuildPhase</string>
			<key>name</key>
			<string>Objective-Clean Run Script</string>
			<key>outputPaths</key>
			<array/>
			<key>runOnlyForDeploymentPostprocessing</key>
			<integer>0</integer>
			<key>shellPath</key>
			<string>/bin/bash</string>
			<key>shellScript</key>
			<string>if [[ -z ${SKIP_OBJCLEAN} || ${SKIP_OBJCLEAN} != 1 ]]; then
if [[ -d "${LOCAL_APPS_DIR}/Objective-Clean.app" ]]; then 
"${LOCAL_APPS_DIR}"/Objective-Clean.app/Contents/Resources/ObjClean.app/Contents/MacOS/ObjClean "${SRCROOT}"?-KIF,-Expecta,-AF,-OHHTTP,-Specta 
else
echo "warning: You have to install and set up Objective-Clean to use its features!" 
fi
fi</string>
		</dict>
	</dict>
	<key>rootObject</key>
	<string>D849976318FECDFF00318091</string>
</dict>
</plist>
